// !$*UTF8*$!
{
	archiveVersion = 1;
	classes = {
	};
	objectVersion = 46;
	objects = {

/* Begin PBXBuildFile section */
		032F1FA219FB7127002351F5 /* AppDelegate.swift in Sources */ = {isa = PBXBuildFile; fileRef = 032F1FA119FB7127002351F5 /* AppDelegate.swift */; };
		032F1FA419FB7127002351F5 /* FirstViewController.swift in Sources */ = {isa = PBXBuildFile; fileRef = 032F1FA319FB7127002351F5 /* FirstViewController.swift */; };
		032F1FA619FB7127002351F5 /* SecondViewController.swift in Sources */ = {isa = PBXBuildFile; fileRef = 032F1FA519FB7127002351F5 /* SecondViewController.swift */; };
		032F1FA919FB7127002351F5 /* Main.storyboard in Resources */ = {isa = PBXBuildFile; fileRef = 032F1FA719FB7127002351F5 /* Main.storyboard */; };
		032F1FAB19FB7127002351F5 /* Images.xcassets in Resources */ = {isa = PBXBuildFile; fileRef = 032F1FAA19FB7127002351F5 /* Images.xcassets */; };
		032F1FAE19FB7127002351F5 /* LaunchScreen.xib in Resources */ = {isa = PBXBuildFile; fileRef = 032F1FAC19FB7127002351F5 /* LaunchScreen.xib */; };
		032F1FBA19FB7127002351F5 /* My_Task_ListTests.swift in Sources */ = {isa = PBXBuildFile; fileRef = 032F1FB919FB7127002351F5 /* My_Task_ListTests.swift */; };
		032F1FC619FB7187002351F5 /* TaskManager.swift in Sources */ = {isa = PBXBuildFile; fileRef = 032F1FC519FB7187002351F5 /* TaskManager.swift */; };
		03BAFB8319FEC767002FDA76 /* tasks.xcdatamodeld in Sources */ = {isa = PBXBuildFile; fileRef = 03BAFB8119FEC767002FDA76 /* tasks.xcdatamodeld */; };
		39E8ADBA19FEEFBC00895AB3 /* Task.swift in Sources */ = {isa = PBXBuildFile; fileRef = 39E8ADB919FEEFBC00895AB3 /* Task.swift */; };
/* End PBXBuildFile section */

/* Begin PBXContainerItemProxy section */
		032F1FB419FB7127002351F5 /* PBXContainerItemProxy */ = {
			isa = PBXContainerItemProxy;
			containerPortal = 032F1F9419FB7127002351F5 /* Project object */;
			proxyType = 1;
			remoteGlobalIDString = 032F1F9B19FB7127002351F5;
			remoteInfo = "My Task List";
		};
/* End PBXContainerItemProxy section */

/* Begin PBXFileReference section */
		032F1F9C19FB7127002351F5 /* My Task List.app */ = {isa = PBXFileReference; explicitFileType = wrapper.application; includeInIndex = 0; path = "My Task List.app"; sourceTree = BUILT_PRODUCTS_DIR; };
		032F1FA019FB7127002351F5 /* Info.plist */ = {isa = PBXFileReference; lastKnownFileType = text.plist.xml; path = Info.plist; sourceTree = "<group>"; };
		032F1FA119FB7127002351F5 /* AppDelegate.swift */ = {isa = PBXFileReference; lastKnownFileType = sourcecode.swift; path = AppDelegate.swift; sourceTree = "<group>"; };
		032F1FA319FB7127002351F5 /* FirstViewController.swift */ = {isa = PBXFileReference; lastKnownFileType = sourcecode.swift; path = FirstViewController.swift; sourceTree = "<group>"; };
		032F1FA519FB7127002351F5 /* SecondViewController.swift */ = {isa = PBXFileReference; lastKnownFileType = sourcecode.swift; path = SecondViewController.swift; sourceTree = "<group>"; };
		032F1FA819FB7127002351F5 /* Base */ = {isa = PBXFileReference; lastKnownFileType = file.storyboard; name = Base; path = Base.lproj/Main.storyboard; sourceTree = "<group>"; };
		032F1FAA19FB7127002351F5 /* Images.xcassets */ = {isa = PBXFileReference; lastKnownFileType = folder.assetcatalog; path = Images.xcassets; sourceTree = "<group>"; };
		032F1FAD19FB7127002351F5 /* Base */ = {isa = PBXFileReference; lastKnownFileType = file.xib; name = Base; path = Base.lproj/LaunchScreen.xib; sourceTree = "<group>"; };
		032F1FB319FB7127002351F5 /* My Task ListTests.xctest */ = {isa = PBXFileReference; explicitFileType = wrapper.cfbundle; includeInIndex = 0; path = "My Task ListTests.xctest"; sourceTree = BUILT_PRODUCTS_DIR; };
		032F1FB819FB7127002351F5 /* Info.plist */ = {isa = PBXFileReference; lastKnownFileType = text.plist.xml; path = Info.plist; sourceTree = "<group>"; };
		032F1FB919FB7127002351F5 /* My_Task_ListTests.swift */ = {isa = PBXFileReference; lastKnownFileType = sourcecode.swift; path = My_Task_ListTests.swift; sourceTree = "<group>"; };
		032F1FC519FB7187002351F5 /* TaskManager.swift */ = {isa = PBXFileReference; fileEncoding = 4; lastKnownFileType = sourcecode.swift; path = TaskManager.swift; sourceTree = "<group>"; };
		03BAFB8219FEC767002FDA76 /* tasks.xcdatamodel */ = {isa = PBXFileReference; lastKnownFileType = wrapper.xcdatamodel; path = tasks.xcdatamodel; sourceTree = "<group>"; };
		39E8ADB919FEEFBC00895AB3 /* Task.swift */ = {isa = PBXFileReference; fileEncoding = 4; lastKnownFileType = sourcecode.swift; path = Task.swift; sourceTree = "<group>"; };
/* End PBXFileReference section */

/* Begin PBXFrameworksBuildPhase section */
		032F1F9919FB7127002351F5 /* Frameworks */ = {
			isa = PBXFrameworksBuildPhase;
			buildActionMask = 2147483647;
			files = (
			);
			runOnlyForDeploymentPostprocessing = 0;
		};
		032F1FB019FB7127002351F5 /* Frameworks */ = {
			isa = PBXFrameworksBuildPhase;
			buildActionMask = 2147483647;
			files = (
			);
			runOnlyForDeploymentPostprocessing = 0;
		};
/* End PBXFrameworksBuildPhase section */

/* Begin PBXGroup section */
		032F1F9319FB7127002351F5 = {
			isa = PBXGroup;
			children = (
				032F1F9E19FB7127002351F5 /* My Task List */,
				032F1FB619FB7127002351F5 /* My Task ListTests */,
				032F1F9D19FB7127002351F5 /* Products */,
			);
			sourceTree = "<group>";
		};
		032F1F9D19FB7127002351F5 /* Products */ = {
			isa = PBXGroup;
			children = (
				032F1F9C19FB7127002351F5 /* My Task List.app */,
				032F1FB319FB7127002351F5 /* My Task ListTests.xctest */,
			);
			name = Products;
			sourceTree = "<group>";
		};
		032F1F9E19FB7127002351F5 /* My Task List */ = {
			isa = PBXGroup;
			children = (
				032F1FA119FB7127002351F5 /* AppDelegate.swift */,
				032F1FA319FB7127002351F5 /* FirstViewController.swift */,
				032F1FA519FB7127002351F5 /* SecondViewController.swift */,
				032F1FA719FB7127002351F5 /* Main.storyboard */,
				032F1FAA19FB7127002351F5 /* Images.xcassets */,
				032F1FAC19FB7127002351F5 /* LaunchScreen.xib */,
				032F1F9F19FB7127002351F5 /* Supporting Files */,
				032F1FC519FB7187002351F5 /* TaskManager.swift */,
				03BAFB8119FEC767002FDA76 /* tasks.xcdatamodeld */,
				39E8ADB919FEEFBC00895AB3 /* Task.swift */,
			);
			path = "My Task List";
			sourceTree = "<group>";
		};
		032F1F9F19FB7127002351F5 /* Supporting Files */ = {
			isa = PBXGroup;
			children = (
				032F1FA019FB7127002351F5 /* Info.plist */,
			);
			name = "Supporting Files";
			sourceTree = "<group>";
		};
		032F1FB619FB7127002351F5 /* My Task ListTests */ = {
			isa = PBXGroup;
			children = (
				032F1FB919FB7127002351F5 /* My_Task_ListTests.swift */,
				032F1FB719FB7127002351F5 /* Supporting Files */,
			);
			path = "My Task ListTests";
			sourceTree = "<group>";
		};
		032F1FB719FB7127002351F5 /* Supporting Files */ = {
			isa = PBXGroup;
			children = (
				032F1FB819FB7127002351F5 /* Info.plist */,
			);
			name = "Supporting Files";
			sourceTree = "<group>";
		};
/* End PBXGroup section */

/* Begin PBXNativeTarget section */
		032F1F9B19FB7127002351F5 /* My Task List */ = {
			isa = PBXNativeTarget;
			buildConfigurationList = 032F1FBD19FB7127002351F5 /* Build configuration list for PBXNativeTarget "My Task List" */;
			buildPhases = (
				032F1F9819FB7127002351F5 /* Sources */,
				032F1F9919FB7127002351F5 /* Frameworks */,
				032F1F9A19FB7127002351F5 /* Resources */,
			);
			buildRules = (
			);
			dependencies = (
			);
			name = "My Task List";
			productName = "My Task List";
			productReference = 032F1F9C19FB7127002351F5 /* My Task List.app */;
			productType = "com.apple.product-type.application";
		};
		032F1FB219FB7127002351F5 /* My Task ListTests */ = {
			isa = PBXNativeTarget;
			buildConfigurationList = 032F1FC019FB7127002351F5 /* Build configuration list for PBXNativeTarget "My Task ListTests" */;
			buildPhases = (
				032F1FAF19FB7127002351F5 /* Sources */,
				032F1FB019FB7127002351F5 /* Frameworks */,
				032F1FB119FB7127002351F5 /* Resources */,
			);
			buildRules = (
			);
			dependencies = (
				032F1FB519FB7127002351F5 /* PBXTargetDependency */,
			);
			name = "My Task ListTests";
			productName = "My Task ListTests";
			productReference = 032F1FB319FB7127002351F5 /* My Task ListTests.xctest */;
			productType = "com.apple.product-type.bundle.unit-test";
		};
/* End PBXNativeTarget section */

/* Begin PBXProject section */
		032F1F9419FB7127002351F5 /* Project object */ = {
			isa = PBXProject;
			attributes = {
				LastUpgradeCheck = 0610;
				ORGANIZATIONNAME = "Joshua Curtiss";
				TargetAttributes = {
					032F1F9B19FB7127002351F5 = {
						CreatedOnToolsVersion = 6.1;
					};
					032F1FB219FB7127002351F5 = {
						CreatedOnToolsVersion = 6.1;
						TestTargetID = 032F1F9B19FB7127002351F5;
					};
				};
			};
			buildConfigurationList = 032F1F9719FB7127002351F5 /* Build configuration list for PBXProject "My Task List" */;
			compatibilityVersion = "Xcode 3.2";
			developmentRegion = English;
			hasScannedForEncodings = 0;
			knownRegions = (
				en,
				Base,
			);
			mainGroup = 032F1F9319FB7127002351F5;
			productRefGroup = 032F1F9D19FB7127002351F5 /* Products */;
			projectDirPath = "";
			projectRoot = "";
			targets = (
				032F1F9B19FB7127002351F5 /* My Task List */,
				032F1FB219FB7127002351F5 /* My Task ListTests */,
			);
		};
/* End PBXProject section */

/* Begin PBXResourcesBuildPhase section */
		032F1F9A19FB7127002351F5 /* Resources */ = {
			isa = PBXResourcesBuildPhase;
			buildActionMask = 2147483647;
			files = (
				032F1FA919FB7127002351F5 /* Main.storyboard in Resources */,
				032F1FAE19FB7127002351F5 /* LaunchScreen.xib in Resources */,
				032F1FAB19FB7127002351F5 /* Images.xcassets in Resources */,
			);
			runOnlyForDeploymentPostprocessing = 0;
		};
		032F1FB119FB7127002351F5 /* Resources */ = {
			isa = PBXResourcesBuildPhase;
			buildActionMask = 2147483647;
			files = (
			);
			runOnlyForDeploymentPostprocessing = 0;
		};
/* End PBXResourcesBuildPhase section */

/* Begin PBXSourcesBuildPhase section */
		032F1F9819FB7127002351F5 /* Sources */ = {
			isa = PBXSourcesBuildPhase;
			buildActionMask = 2147483647;
			files = (
				032F1FA619FB7127002351F5 /* SecondViewController.swift in Sources */,
				032F1FA219FB7127002351F5 /* AppDelegate.swift in Sources */,
				03BAFB8319FEC767002FDA76 /* tasks.xcdatamodeld in Sources */,
				032F1FC619FB7187002351F5 /* TaskManager.swift in Sources */,
				39E8ADBA19FEEFBC00895AB3 /* Task.swift in Sources */,
				032F1FA419FB7127002351F5 /* FirstViewController.swift in Sources */,
			);
			runOnlyForDeploymentPostprocessing = 0;
		};
		032F1FAF19FB7127002351F5 /* Sources */ = {
			isa = PBXSourcesBuildPhase;
			buildActionMask = 2147483647;
			files = (
				032F1FBA19FB7127002351F5 /* My_Task_ListTests.swift in Sources */,
			);
			runOnlyForDeploymentPostprocessing = 0;
		};
/* End PBXSourcesBuildPhase section */

/* Begin PBXTargetDependency section */
		032F1FB519FB7127002351F5 /* PBXTargetDependency */ = {
			isa = PBXTargetDependency;
			target = 032F1F9B19FB7127002351F5 /* My Task List */;
			targetProxy = 032F1FB419FB7127002351F5 /* PBXContainerItemProxy */;
		};
/* End PBXTargetDependency section */

/* Begin PBXVariantGroup section */
		032F1FA719FB7127002351F5 /* Main.storyboard */ = {
			isa = PBXVariantGroup;
			children = (
				032F1FA819FB7127002351F5 /* Base */,
			);
			name = Main.storyboard;
			sourceTree = "<group>";
		};
		032F1FAC19FB7127002351F5 /* LaunchScreen.xib */ = {
			isa = PBXVariantGroup;
			children = (
				032F1FAD19FB7127002351F5 /* Base */,
			);
			name = LaunchScreen.xib;
			sourceTree = "<group>";
		};
/* End PBXVariantGroup section */

/* Begin XCBuildConfiguration section */
		032F1FBB19FB7127002351F5 /* Debug */ = {
			isa = XCBuildConfiguration;
			buildSettings = {
				ALWAYS_SEARCH_USER_PATHS = NO;
				CLANG_CXX_LANGUAGE_STANDARD = "gnu++0x";
				CLANG_CXX_LIBRARY = "libc++";
				CLANG_ENABLE_MODULES = YES;
				CLANG_ENABLE_OBJC_ARC = YES;
				CLANG_WARN_BOOL_CONVERSION = YES;
				CLANG_WARN_CONSTANT_CONVERSION = YES;
				CLANG_WARN_DIRECT_OBJC_ISA_USAGE = YES_ERROR;
				CLANG_WARN_EMPTY_BODY = YES;
				CLANG_WARN_ENUM_CONVERSION = YES;
				CLANG_WARN_INT_CONVERSION = YES;
				CLANG_WARN_OBJC_ROOT_CLASS = YES_ERROR;
				CLANG_WARN_UNREACHABLE_CODE = YES;
				CLANG_WARN__DUPLICATE_METHOD_MATCH = YES;
				"CODE_SIGN_IDENTITY[sdk=iphoneos*]" = "iPhone Developer";
				COPY_PHASE_STRIP = NO;
				ENABLE_STRICT_OBJC_MSGSEND = YES;
				GCC_C_LANGUAGE_STANDARD = gnu99;
				GCC_DYNAMIC_NO_PIC = NO;
				GCC_OPTIMIZATION_LEVEL = 0;
				GCC_PREPROCESSOR_DEFINITIONS = (
					"DEBUG=1",
					"$(inherited)",
				);
				GCC_SYMBOLS_PRIVATE_EXTERN = NO;
				GCC_WARN_64_TO_32_BIT_CONVERSION = YES;
				GCC_WARN_ABOUT_RETURN_TYPE = YES_ERROR;
				GCC_WARN_UNDECLARED_SELECTOR = YES;
				GCC_WARN_UNINITIALIZED_AUTOS = YES_AGGRESSIVE;
				GCC_WARN_UNUSED_FUNCTION = YES;
				GCC_WARN_UNUSED_VARIABLE = YES;
				IPHONEOS_DEPLOYMENT_TARGET = 8.1;
				MTL_ENABLE_DEBUG_INFO = YES;
				ONLY_ACTIVE_ARCH = YES;
				SDKROOT = iphoneos;
				SWIFT_OPTIMIZATION_LEVEL = "-Onone";
			};
			name = Debug;
		};
		032F1FBC19FB7127002351F5 /* Release */ = {
			isa = XCBuildConfiguration;
			buildSettings = {
				ALWAYS_SEARCH_USER_PATHS = NO;
				CLANG_CXX_LANGUAGE_STANDARD = "gnu++0x";
				CLANG_CXX_LIBRARY = "libc++";
				CLANG_ENABLE_MODULES = YES;
				CLANG_ENABLE_OBJC_ARC = YES;
				CLANG_WARN_BOOL_CONVERSION = YES;
				CLANG_WARN_CONSTANT_CONVERSION = YES;
				CLANG_WARN_DIRECT_OBJC_ISA_USAGE = YES_ERROR;
				CLANG_WARN_EMPTY_BODY = YES;
				CLANG_WARN_ENUM_CONVERSION = YES;
				CLANG_WARN_INT_CONVERSION = YES;
				CLANG_WARN_OBJC_ROOT_CLASS = YES_ERROR;
				CLANG_WARN_UNREACHABLE_CODE = YES;
				CLANG_WARN__DUPLICATE_METHOD_MATCH = YES;
				"CODE_SIGN_IDENTITY[sdk=iphoneos*]" = "iPhone Developer";
				COPY_PHASE_STRIP = YES;
				ENABLE_NS_ASSERTIONS = NO;
				ENABLE_STRICT_OBJC_MSGSEND = YES;
				GCC_C_LANGUAGE_STANDARD = gnu99;
				GCC_WARN_64_TO_32_BIT_CONVERSION = YES;
				GCC_WARN_ABOUT_RETURN_TYPE = YES_ERROR;
				GCC_WARN_UNDECLARED_SELECTOR = YES;
				GCC_WARN_UNINITIALIZED_AUTOS = YES_AGGRESSIVE;
				GCC_WARN_UNUSED_FUNCTION = YES;
				GCC_WARN_UNUSED_VARIABLE = YES;
				IPHONEOS_DEPLOYMENT_TARGET = 8.1;
				MTL_ENABLE_DEBUG_INFO = NO;
				SDKROOT = iphoneos;
				VALIDATE_PRODUCT = YES;
			};
			name = Release;
		};
		032F1FBE19FB7127002351F5 /* Debug */ = {
			isa = XCBuildConfiguration;
			buildSettings = {
				ASSETCATALOG_COMPILER_APPICON_NAME = AppIcon;
				INFOPLIST_FILE = "My Task List/Info.plist";
				LD_RUNPATH_SEARCH_PATHS = "$(inherited) @executable_path/Frameworks";
				PRODUCT_NAME = "$(TARGET_NAME)";
			};
			name = Debug;
		};
		032F1FBF19FB7127002351F5 /* Release */ = {
			isa = XCBuildConfiguration;
			buildSettings = {
				ASSETCATALOG_COMPILER_APPICON_NAME = AppIcon;
				INFOPLIST_FILE = "My Task List/Info.plist";
				LD_RUNPATH_SEARCH_PATHS = "$(inherited) @executable_path/Frameworks";
				PRODUCT_NAME = "$(TARGET_NAME)";
			};
			name = Release;
		};
		032F1FC119FB7127002351F5 /* Debug */ = {
			isa = XCBuildConfiguration;
			buildSettings = {
				BUNDLE_LOADER = "$(TEST_HOST)";
				FRAMEWORK_SEARCH_PATHS = (
					"$(SDKROOT)/Developer/Library/Frameworks",
					"$(inherited)",
				);
				GCC_PREPROCESSOR_DEFINITIONS = (
					"DEBUG=1",
					"$(inherited)",
				);
				INFOPLIST_FILE = "My Task ListTests/Info.plist";
				LD_RUNPATH_SEARCH_PATHS = "$(inherited) @executable_path/Frameworks @loader_path/Frameworks";
				PRODUCT_NAME = "$(TARGET_NAME)";
				TEST_HOST = "$(BUILT_PRODUCTS_DIR)/My Task List.app/My Task List";
			};
			name = Debug;
		};
		032F1FC219FB7127002351F5 /* Release */ = {
			isa = XCBuildConfiguration;
			buildSettings = {
				BUNDLE_LOADER = "$(TEST_HOST)";
				FRAMEWORK_SEARCH_PATHS = (
					"$(SDKROOT)/Developer/Library/Frameworks",
					"$(inherited)",
				);
				INFOPLIST_FILE = "My Task ListTests/Info.plist";
				LD_RUNPATH_SEARCH_PATHS = "$(inherited) @executable_path/Frameworks @loader_path/Frameworks";
				PRODUCT_NAME = "$(TARGET_NAME)";
				TEST_HOST = "$(BUILT_PRODUCTS_DIR)/My Task List.app/My Task List";
			};
			name = Release;
		};
/* End XCBuildConfiguration section */

/* Begin XCConfigurationList section */
		032F1F9719FB7127002351F5 /* Build configuration list for PBXProject "My Task List" */ = {
			isa = XCConfigurationList;
			buildConfigurations = (
				032F1FBB19FB7127002351F5 /* Debug */,
				032F1FBC19FB7127002351F5 /* Release */,
			);
			defaultConfigurationIsVisible = 0;
			defaultConfigurationName = Release;
		};
		032F1FBD19FB7127002351F5 /* Build configuration list for PBXNativeTarget "My Task List" */ = {
			isa = XCConfigurationList;
			buildConfigurations = (
				032F1FBE19FB7127002351F5 /* Debug */,
				032F1FBF19FB7127002351F5 /* Release */,
			);
			defaultConfigurationIsVisible = 0;
			defaultConfigurationName = Release;
		};
		032F1FC019FB7127002351F5 /* Build configuration list for PBXNativeTarget "My Task ListTests" */ = {
			isa = XCConfigurationList;
			buildConfigurations = (
				032F1FC119FB7127002351F5 /* Debug */,
				032F1FC219FB7127002351F5 /* Release */,
			);
			defaultConfigurationIsVisible = 0;
			defaultConfigurationName = Release;
		};
/* End XCConfigurationList section */

/* Begin XCVersionGroup section */
		03BAFB8119FEC767002FDA76 /* tasks.xcdatamodeld */ = {
			isa = XCVersionGroup;
			children = (
				03BAFB8219FEC767002FDA76 /* tasks.xcdatamodel */,
			);
			currentVersion = 03BAFB8219FEC767002FDA76 /* tasks.xcdatamodel */;
			path = tasks.xcdatamodeld;
			sourceTree = "<group>";
			versionGroupType = wrapper.xcdatamodel;
		};
/* End XCVersionGroup section */
	};
	rootObject = 032F1F9419FB7127002351F5 /* Project object */;
}
